{
  "name": "rd-os-cursor-mcp",
  "version": "0.1.0",
  "lockfileVersion": 3,
  "requires": true,
  "packages": {
    "": {
      "name": "rd-os-cursor-mcp",
      "version": "0.1.0",
      "dependencies": {
        "rd-os": "file:../.."
      },
      "engines": {
        "node": ">=18"
      }
    },
    "../..": {
      "name": "rd-os",
      "version": "0.3.0",
      "bin": {
        "rdos": "bin/rdos.js",
        "rdos-lab": "bin/lab.js",
        "rdos-mcp": "bin/mcp.js"
      },
      "engines": {
        "node": ">=18"
      }
    },
    "node_modules/rd-os": {
      "resolved": "../..",
      "link": true
    }
  }
}
