{
  "name": "rd-os-eng-proof",
  "version": "0.1.0",
  "lockfileVersion": 3,
  "requires": true,
  "packages": {
    "": {
      "name": "rd-os-eng-proof",
      "version": "0.1.0",
      "dependencies": {
        "rd-os": "github:nyfeblade/rd-os#9457cac3e38fb442567fb6b1ffedeb8d9290ab00"
      },
      "engines": {
        "node": ">=18"
      }
    },
    "node_modules/rd-os": {
      "version": "0.3.0",
      "resolved": "git+ssh://git@github.com/nyfeblade/rd-os.git#9457cac3e38fb442567fb6b1ffedeb8d9290ab00",
      "integrity": "sha512-W/00x8A8mW1Eh9R3K4ctIFCRAmV0uxVJeP/4wwtoTdW+1muwZpyMsAnXawSND4xdOfEYuTXmc4xwZmLBHq8eEQ==",
      "bin": {
        "rdos": "bin/rdos.js",
        "rdos-lab": "bin/lab.js",
        "rdos-mcp": "bin/mcp.js"
      },
      "engines": {
        "node": ">=18"
      }
    }
  }
}
